{
  "nodes": {
    "agenix": {
      "inputs": {
        "darwin": [
          "darwin"
        ],
        "home-manager": [
          "home-manager"
        ],
        "nixpkgs": [
          "nixpkgs"
        ],
        "systems": "systems"
      },
      "locked": {
        "lastModified": 1723293904,
        "narHash": "sha256-b+uqzj+Wa6xgMS9aNbX4I+sXeb5biPDi39VgvSFqFvU=",
        "owner": "ryantm",
        "repo": "agenix",
        "rev": "f6291c5935fdc4e0bef208cfc0dcab7e3f7a1c41",
        "type": "github"
      },
      "original": {
        "owner": "ryantm",
        "repo": "agenix",
        "type": "github"
      }
    },
    "agenix-el": {
      "inputs": {
        "bash-strict-mode": [
          "bash-strict-mode"
        ],
        "flake-parts": "flake-parts",
        "home-manager": [
          "home-manager"
        ],
        "nixpkgs": [
          "nixpkgs"
        ]
      },
      "locked": {
        "lastModified": 1722968702,
        "narHash": "sha256-npdFsig2UmLcyTg6gaoPfpBfFjaTJ5vhbhx2zeDJ6B8=",
        "owner": "t4ccer",
        "repo": "agenix.el",
        "rev": "1ef747135401ed4b905acc2b3ec3f909d9cb62e1",
        "type": "github"
      },
      "original": {
        "owner": "t4ccer",
        "repo": "agenix.el",
        "type": "github"
      }
    },
    "bash-strict-mode": {
      "inputs": {
        "flake-utils": [
          "flaky",
          "bash-strict-mode",
          "flaky",
          "flake-utils"
        ],
        "flaky": [
          "flaky"
        ],
        "nixpkgs": [
          "flaky",
          "bash-strict-mode",
          "flaky",
          "nixpkgs"
        ],
        "shellcheck-nix-attributes": "shellcheck-nix-attributes"
      },
      "locked": {
        "lastModified": 1722346313,
        "narHash": "sha256-qxIzt/0BCP9LlVE1Lze/2qlM5eZ8X5hQk4E6ghiBF5w=",
        "owner": "sellout",
        "repo": "bash-strict-mode",
        "rev": "098ffd0f072b3b7b3e84d9c524d18d6c62f64a47",
        "type": "github"
      },
      "original": {
        "owner": "sellout",
        "repo": "bash-strict-mode",
        "type": "github"
      }
    },
    "bradix": {
      "inputs": {
        "elisp-reader": "elisp-reader",
        "flake-utils": [
          "bradix",
          "flaky",
          "flake-utils"
        ],
        "flaky": [
          "flaky"
        ],
        "nixpkgs": [
          "bradix",
          "flaky",
          "nixpkgs"
        ],
        "systems": [
          "bradix",
          "flaky",
          "systems"
        ]
      },
      "locked": {
        "lastModified": 1729884344,
        "narHash": "sha256-5UDT6oFovUqEIiyHe3tsLsVjjEmz7bJYyvO9M/e9TXU=",
        "owner": "sellout",
        "repo": "bradix",
        "rev": "367efd3bcff767856f03c42f4f74f3684a053af1",
        "type": "github"
      },
      "original": {
        "owner": "sellout",
        "repo": "bradix",
        "type": "github"
      }
    },
    "darwin": {
      "inputs": {
        "nixpkgs": [
          "nixpkgs"
        ]
      },
      "locked": {
        "lastModified": 1730070491,
        "narHash": "sha256-+RYCbdU6l4E4pr40++lrdhdE3gNC/BR54AL7xWG/YRU=",
        "owner": "LnL7",
        "repo": "nix-darwin",
        "rev": "5c0c6aaa797d6ccbb6cdab14de0248135735709d",
        "type": "github"
      },
      "original": {
        "owner": "LnL7",
        "repo": "nix-darwin",
        "type": "github"
      }
    },
    "elisp-reader": {
      "inputs": {
        "flake-utils": [
          "bradix",
          "elisp-reader",
          "flaky",
          "flake-utils"
        ],
        "flaky": [
          "bradix",
          "flaky"
        ],
        "nixpkgs": [
          "bradix",
          "elisp-reader",
          "flaky",
          "nixpkgs"
        ]
      },
      "locked": {
        "lastModified": 1725603962,
        "narHash": "sha256-dF+B1ueCHcL0K3oz07sxa6WxsLl8jLpRrjiDGEnI450=",
        "owner": "sellout",
        "repo": "elisp-reader.el",
        "rev": "fb567d91c420da5c3bc3ee6981111ffa03e208dc",
        "type": "github"
      },
      "original": {
        "owner": "sellout",
        "ref": "add-build",
        "repo": "elisp-reader.el",
        "type": "github"
      }
    },
    "emacs-color-theme-solarized": {
      "flake": false,
      "locked": {
        "lastModified": 1676247970,
        "narHash": "sha256-jP0G/Ufm31VILhLUQGPmNRtMNthWhWmkifgyeeh3krQ=",
        "owner": "sellout",
        "repo": "emacs-color-theme-solarized",
        "rev": "07369cf05cb123e19932cc20e443cfe8d979b526",
        "type": "github"
      },
      "original": {
        "owner": "sellout",
        "ref": "correcting-and-realigning",
        "repo": "emacs-color-theme-solarized",
        "type": "github"
      }
    },
    "emacs-extended-faces": {
      "inputs": {
        "flake-utils": [
          "emacs-extended-faces",
          "flaky",
          "flake-utils"
        ],
        "flaky": [
          "flaky"
        ],
        "nixpkgs": [
          "emacs-extended-faces",
          "flaky",
          "nixpkgs"
        ]
      },
      "locked": {
        "lastModified": 1722628416,
        "narHash": "sha256-3PD8CfLx8771LOQK5Ii6z2hEhNnP+2a5YFtkdIHIByw=",
        "owner": "sellout",
        "repo": "emacs-extended-faces",
        "rev": "4fd9b56cf91912e9495668adbbc1b41ed8a8cf2c",
        "type": "github"
      },
      "original": {
        "owner": "sellout",
        "repo": "emacs-extended-faces",
        "type": "github"
      }
    },
    "epresent": {
      "inputs": {
        "flake-utils": [
          "epresent",
          "flaky",
          "flake-utils"
        ],
        "flaky": [
          "flaky"
        ],
        "nixpkgs": [
          "epresent",
          "flaky",
          "nixpkgs"
        ]
      },
      "locked": {
        "lastModified": 1722628661,
        "narHash": "sha256-J0LPzq75YcagiWKfito45VAB7TvhDaLuYlwErDoKgOw=",
        "owner": "sellout",
        "repo": "epresent",
        "rev": "08703a508ca12cd6a7611da5c88680cd903fe9fa",
        "type": "github"
      },
      "original": {
        "owner": "sellout",
        "ref": "nix-build",
        "repo": "epresent",
        "type": "github"
      }
    },
    "firefox-darwin": {
      "inputs": {
        "nixpkgs": [
          "nixpkgs"
        ]
      },
      "locked": {
        "lastModified": 1730077144,
        "narHash": "sha256-GDP2GlD9/66DcZZG+VKFwuWzNJoTaiOUymOsKa8dZZA=",
        "owner": "bandithedoge",
        "repo": "nixpkgs-firefox-darwin",
        "rev": "0670f83596fa9c9f5e3f55dff60d1620b3347dd3",
        "type": "github"
      },
      "original": {
        "owner": "bandithedoge",
        "repo": "nixpkgs-firefox-darwin",
        "type": "github"
      }
    },
    "flake-parts": {
      "inputs": {
        "nixpkgs-lib": [
          "agenix-el",
          "nixpkgs"
        ]
      },
      "locked": {
        "lastModified": 1719994518,
        "narHash": "sha256-pQMhCCHyQGRzdfAkdJ4cIWiw+JNuWsTX7f0ZYSyz0VY=",
        "owner": "hercules-ci",
        "repo": "flake-parts",
        "rev": "9227223f6d922fee3c7b190b2cc238a99527bbb7",
        "type": "github"
      },
      "original": {
        "owner": "hercules-ci",
        "repo": "flake-parts",
        "type": "github"
      }
    },
    "flake-schemas": {
      "locked": {
        "lastModified": 1701189173,
        "narHash": "sha256-ieQZLjqfvOP+52WeMdkD/x5njEIAqjKuAc/jnmruaoc=",
        "owner": "sellout",
        "repo": "flake-schemas",
        "rev": "68727227a8f349fe0831f6389d9a91064637b70c",
        "type": "github"
      },
      "original": {
        "owner": "sellout",
        "ref": "patch-1",
        "repo": "flake-schemas",
        "type": "github"
      }
    },
    "flake-utils": {
      "inputs": {
        "systems": [
          "flaky",
          "systems"
        ]
      },
      "locked": {
        "lastModified": 1726560853,
        "narHash": "sha256-X6rJYSESBVr3hBoH0WbKE5KvhPU5bloyZ2L4K60/fPQ=",
        "owner": "numtide",
        "repo": "flake-utils",
        "rev": "c1dfcf08411b08f6b8615f7d8971a2bfa81d5e8a",
        "type": "github"
      },
      "original": {
        "owner": "numtide",
        "repo": "flake-utils",
        "type": "github"
      }
    },
    "flaky": {
      "inputs": {
        "bash-strict-mode": "bash-strict-mode",
        "flake-utils": "flake-utils",
        "garnix-systems": "garnix-systems",
        "home-manager": "home-manager",
        "nixpkgs": "nixpkgs",
        "nixpkgs-unstable": [
          "flaky",
          "project-manager",
          "nixpkgs-unstable"
        ],
        "project-manager": "project-manager",
        "systems": "systems_2"
      },
      "locked": {
        "lastModified": 1729790966,
        "narHash": "sha256-/6KrmkPuMJzOBiK4nfq+m1zBhhtsq/XBq+URMiRrS0k=",
        "owner": "sellout",
        "repo": "flaky",
        "rev": "b3cab5a4227f1f8a182e5352069fa8f8a9874394",
        "type": "github"
      },
      "original": {
        "owner": "sellout",
        "repo": "flaky",
        "type": "github"
      }
    },
    "garnix-systems": {
      "locked": {
        "lastModified": 1723225755,
        "narHash": "sha256-y17fVgb4LJheN4VDsHCmZRHrOJwKj8oUPvXk2FqUOnI=",
        "owner": "garnix-io",
        "repo": "nix-systems",
        "rev": "c2466c5c1d3591933b4389868902e2f47a47fadb",
        "type": "github"
      },
      "original": {
        "owner": "garnix-io",
        "repo": "nix-systems",
        "type": "github"
      }
    },
    "home-manager": {
      "inputs": {
        "nixpkgs": [
          "flaky",
          "nixpkgs"
        ]
      },
      "locked": {
        "lastModified": 1726989464,
        "narHash": "sha256-Vl+WVTJwutXkimwGprnEtXc/s/s8sMuXzqXaspIGlwM=",
        "owner": "nix-community",
        "repo": "home-manager",
        "rev": "2f23fa308a7c067e52dfcc30a0758f47043ec176",
        "type": "github"
      },
      "original": {
        "owner": "nix-community",
        "ref": "release-24.05",
        "repo": "home-manager",
        "type": "github"
      }
    },
    "mkalias": {
      "inputs": {
        "nixpkgs": [
          "nixpkgs"
        ]
      },
      "locked": {
        "lastModified": 1678761502,
        "narHash": "sha256-tL3C/b2BPOGQpV287wECDCDWmKwwPvezAAN3qz7N07M=",
        "owner": "reckenrode",
        "repo": "mkalias",
        "rev": "8a5478cdb646f137ebc53cb9d235f8e5892ea00a",
        "type": "github"
      },
      "original": {
        "owner": "reckenrode",
        "repo": "mkalias",
        "type": "github"
      }
    },
    "nixcasks": {
      "inputs": {
        "nixpkgs": [
          "nixpkgs"
        ]
      },
      "locked": {
        "lastModified": 1730065148,
        "narHash": "sha256-FzyS7Xx9Zh9gzZLyzH6bTgLkY9/eODyNM0rGPKMuSLw=",
        "owner": "jacekszymanski",
        "repo": "nixcasks",
        "rev": "6524beb4594e57e42aa1a725ee4ec7bb83697bcf",
        "type": "github"
      },
      "original": {
        "owner": "jacekszymanski",
        "repo": "nixcasks",
        "type": "github"
      }
    },
    "nixpkgs": {
      "locked": {
        "lastModified": 1729661998,
        "narHash": "sha256-Ano6IvS0/jEoeaYgdWo/kGBG1rwYslJ/ld6hCbbzQo0=",
        "owner": "NixOS",
        "repo": "nixpkgs",
        "rev": "e303588c321c2b61da72e1d4675d1c1e4a437d2d",
        "type": "github"
      },
      "original": {
        "owner": "NixOS",
        "ref": "release-24.05",
        "repo": "nixpkgs",
        "type": "github"
      }
    },
    "nixpkgs-22_11": {
      "locked": {
        "lastModified": 1688392541,
        "narHash": "sha256-lHrKvEkCPTUO+7tPfjIcb7Trk6k31rz18vkyqmkeJfY=",
        "owner": "NixOS",
        "repo": "nixpkgs",
        "rev": "ea4c80b39be4c09702b0cb3b42eab59e2ba4f24b",
        "type": "github"
      },
      "original": {
        "owner": "NixOS",
        "ref": "release-22.11",
        "repo": "nixpkgs",
        "type": "github"
      }
    },
    "nixpkgs-23_05": {
      "locked": {
        "lastModified": 1705957679,
        "narHash": "sha256-Q8LJaVZGJ9wo33wBafvZSzapYsjOaNjP/pOnSiKVGHY=",
        "owner": "NixOS",
        "repo": "nixpkgs",
        "rev": "9a333eaa80901efe01df07eade2c16d183761fa3",
        "type": "github"
      },
      "original": {
        "owner": "NixOS",
        "ref": "release-23.05",
        "repo": "nixpkgs",
        "type": "github"
      }
    },
    "nixpkgs-23_11": {
      "locked": {
        "lastModified": 1720535198,
        "narHash": "sha256-zwVvxrdIzralnSbcpghA92tWu2DV2lwv89xZc8MTrbg=",
        "owner": "NixOS",
        "repo": "nixpkgs",
        "rev": "205fd4226592cc83fd4c0885a3e4c9c400efabb5",
        "type": "github"
      },
      "original": {
        "owner": "NixOS",
        "ref": "release-23.11",
        "repo": "nixpkgs",
        "type": "github"
      }
    },
    "nixpkgs-unstable": {
      "locked": {
        "lastModified": 1729265718,
        "narHash": "sha256-4HQI+6LsO3kpWTYuVGIzhJs1cetFcwT7quWCk/6rqeo=",
        "owner": "NixOS",
        "repo": "nixpkgs",
        "rev": "ccc0c2126893dd20963580b6478d1a10a4512185",
        "type": "github"
      },
      "original": {
        "owner": "NixOS",
        "ref": "nixpkgs-unstable",
        "repo": "nixpkgs",
        "type": "github"
      }
    },
    "nur": {
      "locked": {
        "lastModified": 1730078284,
        "narHash": "sha256-/TMWxpqoV4lJfjCthN7njB2enftIxyUG386Fmkh1Yuw=",
        "owner": "nix-community",
        "repo": "nur",
        "rev": "9491e71b09e8886fc9a6380f57d3adcbcc208413",
        "type": "github"
      },
      "original": {
        "owner": "nix-community",
        "repo": "nur",
        "type": "github"
      }
    },
    "org-invoice-table": {
      "flake": false,
      "locked": {
        "lastModified": 1662589952,
        "narHash": "sha256-q7fYbhk++zXFYQTmBzxvMi0rzovfnJyy2h7MBuccc0I=",
        "ref": "refs/heads/main",
        "rev": "7ef58c8d8067f4af1c529532d563d4b0367a036d",
        "revCount": 9,
        "type": "git",
        "url": "https://git.sr.ht/~trevdev/org-invoice-table"
      },
      "original": {
        "type": "git",
        "url": "https://git.sr.ht/~trevdev/org-invoice-table"
      }
    },
    "project-manager": {
      "inputs": {
        "bash-strict-mode": [
          "flaky",
          "project-manager",
          "flaky",
          "bash-strict-mode"
        ],
        "flake-schemas": "flake-schemas",
        "flake-utils": [
          "flaky",
          "project-manager",
          "flaky",
          "flake-utils"
        ],
        "flaky": [
          "flaky"
        ],
        "nixpkgs": [
          "flaky",
          "project-manager",
          "flaky",
          "nixpkgs"
        ],
        "nixpkgs-22_11": "nixpkgs-22_11",
        "nixpkgs-23_05": "nixpkgs-23_05",
        "nixpkgs-23_11": "nixpkgs-23_11",
        "nixpkgs-unstable": "nixpkgs-unstable",
        "systems": [
          "flaky",
          "project-manager",
          "flaky",
          "systems"
        ],
        "treefmt-nix": "treefmt-nix"
      },
      "locked": {
        "lastModified": 1729562990,
        "narHash": "sha256-dKDPMp8v604Rg5Z4vOEN71jp7r8nNMEqm3rSTkJAlQ8=",
        "owner": "sellout",
        "repo": "project-manager",
        "rev": "287e442cb19b845fc4d6e112975fb7de4c37d229",
        "type": "github"
      },
      "original": {
        "owner": "sellout",
        "repo": "project-manager",
        "type": "github"
      }
    },
    "root": {
      "inputs": {
        "agenix": "agenix",
        "agenix-el": "agenix-el",
        "bash-strict-mode": [
          "flaky",
          "bash-strict-mode"
        ],
        "bradix": "bradix",
        "darwin": "darwin",
        "emacs-color-theme-solarized": "emacs-color-theme-solarized",
        "emacs-extended-faces": "emacs-extended-faces",
        "epresent": "epresent",
        "firefox-darwin": "firefox-darwin",
        "flake-utils": [
          "flaky",
          "flake-utils"
        ],
        "flaky": "flaky",
        "home-manager": [
          "flaky",
          "home-manager"
        ],
        "mkalias": "mkalias",
        "nixcasks": "nixcasks",
        "nixpkgs": [
          "flaky",
          "nixpkgs"
        ],
        "nur": "nur",
        "org-invoice-table": "org-invoice-table",
        "systems": "systems_3",
        "unison-nix": "unison-nix"
      }
    },
    "shellcheck-nix-attributes": {
      "flake": false,
      "locked": {
        "lastModified": 1586929030,
        "narHash": "sha256-a0WyWaz+nMYFWI43Ip9EUnPuBW0O4EIiTzYZKGqNjss=",
        "owner": "Fuuzetsu",
        "repo": "shellcheck-nix-attributes",
        "rev": "51b49d5fe65ece69eb5e2003396bf096083ec281",
        "type": "github"
      },
      "original": {
        "owner": "Fuuzetsu",
        "repo": "shellcheck-nix-attributes",
        "type": "github"
      }
    },
    "systems": {
      "locked": {
        "lastModified": 1681028828,
        "narHash": "sha256-Vy1rq5AaRuLzOxct8nz4T6wlgyUR7zLU309k9mBC768=",
        "owner": "nix-systems",
        "repo": "default",
        "rev": "da67096a3b9bf56a91d16901293e51ba5b49a27e",
        "type": "github"
      },
      "original": {
        "owner": "nix-systems",
        "repo": "default",
        "type": "github"
      }
    },
    "systems_2": {
      "locked": {
        "lastModified": 1726558681,
        "narHash": "sha256-vta8mxLa5XxpHfb9HCiavFqBrX2xJDvZiKHZOy4kvlA=",
        "owner": "sellout",
        "repo": "nix-systems",
        "rev": "aa9520a9a0f92098d3576c3b4eafcb32c13d6800",
        "type": "github"
      },
      "original": {
        "owner": "sellout",
        "repo": "nix-systems",
        "type": "github"
      }
    },
    "systems_3": {
      "locked": {
        "lastModified": 1681028828,
        "narHash": "sha256-Vy1rq5AaRuLzOxct8nz4T6wlgyUR7zLU309k9mBC768=",
        "owner": "nix-systems",
        "repo": "default",
        "rev": "da67096a3b9bf56a91d16901293e51ba5b49a27e",
        "type": "github"
      },
      "original": {
        "owner": "nix-systems",
        "repo": "default",
        "type": "github"
      }
    },
    "treefmt-nix": {
      "inputs": {
        "nixpkgs": [
          "flaky",
          "project-manager",
          "nixpkgs"
        ]
      },
      "locked": {
        "lastModified": 1729242555,
        "narHash": "sha256-6jWSWxv2crIXmYSEb3LEVsFkCkyVHNllk61X4uhqfCs=",
        "owner": "numtide",
        "repo": "treefmt-nix",
        "rev": "d986489c1c757f6921a48c1439f19bfb9b8ecab5",
        "type": "github"
      },
      "original": {
        "owner": "numtide",
        "repo": "treefmt-nix",
        "type": "github"
      }
    },
    "unison": {
      "flake": false,
      "locked": {
        "lastModified": 1723264652,
        "narHash": "sha256-weap+RTXcYSrcM+aLEaDYRjkkZYvN0M2fZPOami7rrA=",
        "owner": "unisonweb",
        "repo": "unison",
        "rev": "d5d9d9d9ab6a925a9a35f658016b8b76236d36e3",
        "type": "github"
      },
      "original": {
        "owner": "unisonweb",
        "repo": "unison",
        "type": "github"
      }
    },
    "unison-nix": {
      "inputs": {
        "flake-utils": [
          "flake-utils"
        ],
        "home-manager": [
          "home-manager"
        ],
        "nixpkgs": [
          "nixpkgs"
        ],
        "unison": "unison"
      },
      "locked": {
        "lastModified": 1727891439,
        "narHash": "sha256-9gHhn9C0pmXfax3ApIi0cPT9+B3eZ7KvbjiCh84xbEc=",
        "owner": "ceedubs",
        "repo": "unison-nix",
        "rev": "0244a734611edbc5172126e7bc680b4c515c82f1",
        "type": "github"
      },
      "original": {
        "owner": "ceedubs",
        "repo": "unison-nix",
        "type": "github"
      }
    }
  },
  "root": "root",
  "version": 7
}
