{
  "nodes": {
    "agenix": {
      "inputs": {
        "darwin": [
          "darwin"
        ],
        "home-manager": [
          "home-manager"
        ],
        "nixpkgs": [
          "nixpkgs"
        ],
        "systems": "systems"
      },
      "locked": {
        "lastModified": 1703433843,
        "narHash": "sha256-nmtA4KqFboWxxoOAA6Y1okHbZh+HsXaMPFkYHsoDRDw=",
        "owner": "ryantm",
        "repo": "agenix",
        "rev": "417caa847f9383e111d1397039c9d4337d024bf0",
        "type": "github"
      },
      "original": {
        "owner": "ryantm",
        "repo": "agenix",
        "type": "github"
      }
    },
    "agenix-el": {
      "inputs": {
        "bash-strict-mode": [
          "bash-strict-mode"
        ],
        "flake-parts": "flake-parts",
        "nixpkgs": [
          "nixpkgs"
        ]
      },
      "locked": {
        "lastModified": 1697437470,
        "narHash": "sha256-LEUtB4Et3zOFxnNq7bDZ1j4JDCCdARP3b+FnMp3b0W0=",
        "owner": "t4ccer",
        "repo": "agenix.el",
        "rev": "2ff26a3eb7fe347f45c4ea7ef9751721716144bc",
        "type": "github"
      },
      "original": {
        "owner": "t4ccer",
        "repo": "agenix.el",
        "type": "github"
      }
    },
    "bash-strict-mode": {
      "inputs": {
        "flake-utils": [
          "flake-utils"
        ],
        "flaky": [
          "flaky"
        ],
        "nixpkgs": [
          "nixpkgs"
        ],
        "shellcheck-nix-attributes": "shellcheck-nix-attributes"
      },
      "locked": {
        "lastModified": 1704008028,
        "narHash": "sha256-GZH+2RwRSK6Ten66Ij1NaVQCNKdzItHKWuoVnKUJmGk=",
        "owner": "sellout",
        "repo": "bash-strict-mode",
        "rev": "f0d0c30a2a7eaf4e9c3f4dad4c674c5e9bd38bda",
        "type": "github"
      },
      "original": {
        "owner": "sellout",
        "repo": "bash-strict-mode",
        "type": "github"
      }
    },
    "bradix": {
      "inputs": {
        "elisp-reader": "elisp-reader",
        "flake-utils": [
          "flake-utils"
        ],
        "flaky": [
          "flaky"
        ],
        "nixpkgs": [
          "nixpkgs"
        ]
      },
      "locked": {
        "lastModified": 1702621996,
        "narHash": "sha256-MG/Rp4myb9PO2UnmDMTZTrQ/JRQqTOMVgU6UVQ1S3ho=",
        "owner": "sellout",
        "repo": "bradix",
        "rev": "b9f07a50eb7b12132494037c0b477f0a7020a3d0",
        "type": "github"
      },
      "original": {
        "owner": "sellout",
        "repo": "bradix",
        "type": "github"
      }
    },
    "darwin": {
      "inputs": {
        "nixpkgs": [
          "nixpkgs"
        ]
      },
      "locked": {
        "lastModified": 1703990467,
        "narHash": "sha256-LItEeQVwDfLnavNskwdfRnonbEdq8DYiJlWRtF+bwng=",
        "owner": "lnl7",
        "repo": "nix-darwin",
        "rev": "1a41453cba42a3a1af2fff003be455ddbd75386c",
        "type": "github"
      },
      "original": {
        "owner": "lnl7",
        "repo": "nix-darwin",
        "type": "github"
      }
    },
    "elisp-reader": {
      "inputs": {
        "flake-utils": [
          "bradix",
          "flake-utils"
        ],
        "flaky": [
          "bradix",
          "flaky"
        ],
        "nixpkgs": [
          "bradix",
          "nixpkgs"
        ]
      },
      "locked": {
        "lastModified": 1701510463,
        "narHash": "sha256-2QyiN83fvcSaJtW7LhX2pNyqNdT8hTiJQHfDbNiAc80=",
        "owner": "sellout",
        "repo": "elisp-reader.el",
        "rev": "1d4c29cd36a384ecd8a93938058b8a2efb6f4eff",
        "type": "github"
      },
      "original": {
        "owner": "sellout",
        "ref": "add-build",
        "repo": "elisp-reader.el",
        "type": "github"
      }
    },
    "emacs-color-theme-solarized": {
      "flake": false,
      "locked": {
        "lastModified": 1676247970,
        "narHash": "sha256-jP0G/Ufm31VILhLUQGPmNRtMNthWhWmkifgyeeh3krQ=",
        "owner": "sellout",
        "repo": "emacs-color-theme-solarized",
        "rev": "07369cf05cb123e19932cc20e443cfe8d979b526",
        "type": "github"
      },
      "original": {
        "owner": "sellout",
        "ref": "correcting-and-realigning",
        "repo": "emacs-color-theme-solarized",
        "type": "github"
      }
    },
    "emacs-extended-faces": {
      "inputs": {
        "flake-utils": [
          "flake-utils"
        ],
        "flaky": [
          "flaky"
        ],
        "nixpkgs": [
          "nixpkgs"
        ]
      },
      "locked": {
        "lastModified": 1701509101,
        "narHash": "sha256-06RtZUVTO6UJudwIU8aN4be5Jj8Y5p1tOtCXfoRcH9w=",
        "owner": "sellout",
        "repo": "emacs-extended-faces",
        "rev": "6514ba9c6dba883c16b81e19d4805758cc4ea6ee",
        "type": "github"
      },
      "original": {
        "owner": "sellout",
        "repo": "emacs-extended-faces",
        "type": "github"
      }
    },
    "epresent": {
      "inputs": {
        "flake-utils": [
          "flake-utils"
        ],
        "flaky": [
          "flaky"
        ],
        "nixpkgs": [
          "nixpkgs"
        ]
      },
      "locked": {
        "lastModified": 1701502392,
        "narHash": "sha256-Fw9REEeW3HfwiTNUkuBqW7RV/ylVYtCoHr6a59YJrS8=",
        "owner": "sellout",
        "repo": "epresent",
        "rev": "edfef20ce6894f1b7b07fafc817b8358d9b8a83c",
        "type": "github"
      },
      "original": {
        "owner": "sellout",
        "ref": "nix-build",
        "repo": "epresent",
        "type": "github"
      }
    },
    "firefox-darwin": {
      "inputs": {
        "nixpkgs": [
          "nixpkgs"
        ]
      },
      "locked": {
        "lastModified": 1704070085,
        "narHash": "sha256-bTwLbeao1cHkQpD1q/4fGbyImCFJ83b4CpBK/qgT17Y=",
        "owner": "bandithedoge",
        "repo": "nixpkgs-firefox-darwin",
        "rev": "122138e9e07595a6712e65e47a4a9c80a19764cc",
        "type": "github"
      },
      "original": {
        "owner": "bandithedoge",
        "repo": "nixpkgs-firefox-darwin",
        "type": "github"
      }
    },
    "flake-compat": {
      "flake": false,
      "locked": {
        "lastModified": 1673956053,
        "narHash": "sha256-4gtG9iQuiKITOjNQQeQIpoIB6b16fm+504Ch3sNKLd8=",
        "owner": "edolstra",
        "repo": "flake-compat",
        "rev": "35bb57c0c8d8b62bbfd284272c928ceb64ddbde9",
        "type": "github"
      },
      "original": {
        "owner": "edolstra",
        "repo": "flake-compat",
        "type": "github"
      }
    },
    "flake-parts": {
      "inputs": {
        "nixpkgs-lib": [
          "agenix-el",
          "nixpkgs"
        ]
      },
      "locked": {
        "lastModified": 1673362319,
        "narHash": "sha256-Pjp45Vnj7S/b3BRpZEVfdu8sqqA6nvVjvYu59okhOyI=",
        "owner": "hercules-ci",
        "repo": "flake-parts",
        "rev": "82c16f1682cf50c01cb0280b38a1eed202b3fe9f",
        "type": "github"
      },
      "original": {
        "owner": "hercules-ci",
        "repo": "flake-parts",
        "type": "github"
      }
    },
    "flake-schemas": {
      "locked": {
        "lastModified": 1701189173,
        "narHash": "sha256-ieQZLjqfvOP+52WeMdkD/x5njEIAqjKuAc/jnmruaoc=",
        "owner": "sellout",
        "repo": "flake-schemas",
        "rev": "68727227a8f349fe0831f6389d9a91064637b70c",
        "type": "github"
      },
      "original": {
        "owner": "sellout",
        "ref": "patch-1",
        "repo": "flake-schemas",
        "type": "github"
      }
    },
    "flake-utils": {
      "inputs": {
        "systems": "systems_2"
      },
      "locked": {
        "lastModified": 1701680307,
        "narHash": "sha256-kAuep2h5ajznlPMD9rnQyffWG8EM/C73lejGofXvdM8=",
        "owner": "numtide",
        "repo": "flake-utils",
        "rev": "4022d587cbbfd70fe950c1e2083a02621806a725",
        "type": "github"
      },
      "original": {
        "owner": "numtide",
        "repo": "flake-utils",
        "type": "github"
      }
    },
    "flaky": {
      "inputs": {
        "bash-strict-mode": [
          "bash-strict-mode"
        ],
        "flake-utils": [
          "flake-utils"
        ],
        "home-manager": [
          "home-manager"
        ],
        "nixpkgs": [
          "nixpkgs"
        ],
        "project-manager": "project-manager"
      },
      "locked": {
        "lastModified": 1703716064,
        "narHash": "sha256-orCYjkCO4dlP7GTSHne6py+kqhDonwdXi9EG0phnPm8=",
        "owner": "sellout",
        "repo": "flaky",
        "rev": "b0878161d1ceb2cc70c120e8e057c51361e04f85",
        "type": "github"
      },
      "original": {
        "owner": "sellout",
        "repo": "flaky",
        "type": "github"
      }
    },
    "home-manager": {
      "inputs": {
        "nixpkgs": [
          "nixpkgs"
        ]
      },
      "locked": {
        "lastModified": 1703367386,
        "narHash": "sha256-FMbm48UGrBfOWGt8+opuS+uLBLQlRfhiYXhHNcYMS5k=",
        "owner": "nix-community",
        "repo": "home-manager",
        "rev": "d5824a76bc6bb93d1dce9ebbbcb09a9b6abcc224",
        "type": "github"
      },
      "original": {
        "owner": "nix-community",
        "ref": "release-23.11",
        "repo": "home-manager",
        "type": "github"
      }
    },
    "lowdown-src": {
      "flake": false,
      "locked": {
        "lastModified": 1633514407,
        "narHash": "sha256-Dw32tiMjdK9t3ETl5fzGrutQTzh2rufgZV4A/BbxuD4=",
        "owner": "kristapsdz",
        "repo": "lowdown",
        "rev": "d2c2b44ff6c27b936ec27358a2653caaef8f73b8",
        "type": "github"
      },
      "original": {
        "owner": "kristapsdz",
        "repo": "lowdown",
        "type": "github"
      }
    },
    "mkalias": {
      "inputs": {
        "nixpkgs": [
          "nixpkgs"
        ]
      },
      "locked": {
        "lastModified": 1678761502,
        "narHash": "sha256-tL3C/b2BPOGQpV287wECDCDWmKwwPvezAAN3qz7N07M=",
        "owner": "reckenrode",
        "repo": "mkalias",
        "rev": "8a5478cdb646f137ebc53cb9d235f8e5892ea00a",
        "type": "github"
      },
      "original": {
        "owner": "reckenrode",
        "repo": "mkalias",
        "type": "github"
      }
    },
    "nix-schema": {
      "inputs": {
        "flake-compat": "flake-compat",
        "flake-schemas": [
          "flaky",
          "project-manager",
          "flake-schemas"
        ],
        "lowdown-src": "lowdown-src",
        "nixpkgs": [
          "flaky",
          "project-manager",
          "nixpkgs-23_11"
        ],
        "nixpkgs-regression": "nixpkgs-regression"
      },
      "locked": {
        "lastModified": 1697822067,
        "narHash": "sha256-7HCcrF6GqIAreKvzt74do1/Urvp+b901Hckf5+WgR9M=",
        "owner": "DeterminateSystems",
        "repo": "nix",
        "rev": "84867fa212fe08feeb27b668c4c78bc9eaf74e17",
        "type": "github"
      },
      "original": {
        "owner": "DeterminateSystems",
        "ref": "flake-schemas",
        "repo": "nix",
        "type": "github"
      }
    },
    "nixcasks": {
      "inputs": {
        "nixpkgs": [
          "nixpkgs"
        ]
      },
      "locked": {
        "lastModified": 1704058754,
        "narHash": "sha256-C0h5/Fqg1l35HyeZeXl7lyBZLESbegXPGMowwkUOuWk=",
        "owner": "jacekszymanski",
        "repo": "nixcasks",
        "rev": "dfef5c3f0cf5607915d30840f41b1aa451d009b4",
        "type": "github"
      },
      "original": {
        "owner": "jacekszymanski",
        "repo": "nixcasks",
        "type": "github"
      }
    },
    "nixpkgs": {
      "locked": {
        "lastModified": 1704067414,
        "narHash": "sha256-8U4P7GtQUlEF8PYEYBdfD3bUJXdsvU3d72H5iIN7wWw=",
        "owner": "NixOS",
        "repo": "nixpkgs",
        "rev": "bd39e4e241aa5aabbb27307709aef511592cb9e5",
        "type": "github"
      },
      "original": {
        "owner": "NixOS",
        "ref": "release-23.11",
        "repo": "nixpkgs",
        "type": "github"
      }
    },
    "nixpkgs-22_11": {
      "locked": {
        "lastModified": 1688392541,
        "narHash": "sha256-lHrKvEkCPTUO+7tPfjIcb7Trk6k31rz18vkyqmkeJfY=",
        "owner": "NixOS",
        "repo": "nixpkgs",
        "rev": "ea4c80b39be4c09702b0cb3b42eab59e2ba4f24b",
        "type": "github"
      },
      "original": {
        "owner": "NixOS",
        "ref": "release-22.11",
        "repo": "nixpkgs",
        "type": "github"
      }
    },
    "nixpkgs-23_05": {
      "locked": {
        "lastModified": 1701540982,
        "narHash": "sha256-5ajSy6ODgGmAbmymRdHnjfVnuVrACjI8wXoGVvrtvww=",
        "owner": "NixOS",
        "repo": "nixpkgs",
        "rev": "6386d8aafc28b3a7ed03880a57bdc6eb4465491d",
        "type": "github"
      },
      "original": {
        "owner": "NixOS",
        "ref": "release-23.05",
        "repo": "nixpkgs",
        "type": "github"
      }
    },
    "nixpkgs-23_11": {
      "locked": {
        "lastModified": 1701560443,
        "narHash": "sha256-DKzvb83fVFwoEvy+rzPX1vDYpDQM8BA5qBNtvlLVdGk=",
        "owner": "NixOS",
        "repo": "nixpkgs",
        "rev": "9b1832351c5cce688162ca401a92e72fd50514e4",
        "type": "github"
      },
      "original": {
        "owner": "NixOS",
        "ref": "release-23.11",
        "repo": "nixpkgs",
        "type": "github"
      }
    },
    "nixpkgs-master": {
      "locked": {
        "lastModified": 1704071847,
        "narHash": "sha256-5TIys0SA4sFkbzwYvHQvUbVSekNe3+CpyINcgwkyFqg=",
        "owner": "NixOS",
        "repo": "nixpkgs",
        "rev": "684e1e86e2eff075300c5e59b4588e80e7ab188f",
        "type": "github"
      },
      "original": {
        "owner": "NixOS",
        "ref": "master",
        "repo": "nixpkgs",
        "type": "github"
      }
    },
    "nixpkgs-regression": {
      "locked": {
        "lastModified": 1643052045,
        "narHash": "sha256-uGJ0VXIhWKGXxkeNnq4TvV3CIOkUJ3PAoLZ3HMzNVMw=",
        "owner": "NixOS",
        "repo": "nixpkgs",
        "rev": "215d4d0fd80ca5163643b03a33fde804a29cc1e2",
        "type": "github"
      },
      "original": {
        "owner": "NixOS",
        "repo": "nixpkgs",
        "rev": "215d4d0fd80ca5163643b03a33fde804a29cc1e2",
        "type": "github"
      }
    },
    "nixpkgs-unstable": {
      "locked": {
        "lastModified": 1701336116,
        "narHash": "sha256-kEmpezCR/FpITc6yMbAh4WrOCiT2zg5pSjnKrq51h5Y=",
        "owner": "NixOS",
        "repo": "nixpkgs",
        "rev": "f5c27c6136db4d76c30e533c20517df6864c46ee",
        "type": "github"
      },
      "original": {
        "owner": "NixOS",
        "ref": "nixpkgs-unstable",
        "repo": "nixpkgs",
        "type": "github"
      }
    },
    "nur": {
      "locked": {
        "lastModified": 1704072102,
        "narHash": "sha256-s/tHrHR115iHDRC6ZFcPL/gmcMy+H+Piu8NJIRzPQ7U=",
        "owner": "nix-community",
        "repo": "nur",
        "rev": "ce876c96e286d1f53e683fc4343335bbff9e9670",
        "type": "github"
      },
      "original": {
        "owner": "nix-community",
        "repo": "nur",
        "type": "github"
      }
    },
    "project-manager": {
      "inputs": {
        "bash-strict-mode": [
          "flaky",
          "bash-strict-mode"
        ],
        "flake-schemas": "flake-schemas",
        "flake-utils": [
          "flaky",
          "flake-utils"
        ],
        "flaky": [
          "flaky"
        ],
        "nix-schema": "nix-schema",
        "nixpkgs-22_11": "nixpkgs-22_11",
        "nixpkgs-23_05": "nixpkgs-23_05",
        "nixpkgs-23_11": "nixpkgs-23_11",
        "nixpkgs-unstable": "nixpkgs-unstable",
        "treefmt-nix": "treefmt-nix"
      },
      "locked": {
        "lastModified": 1701854477,
        "narHash": "sha256-O+Psfu6mj9yzJzkjz3mbqtusmtk07MkHy99lebsOxG0=",
        "owner": "sellout",
        "repo": "project-manager",
        "rev": "d146c153ad35040bcf666798a4d18ee045ae9daf",
        "type": "github"
      },
      "original": {
        "owner": "sellout",
        "repo": "project-manager",
        "type": "github"
      }
    },
    "root": {
      "inputs": {
        "agenix": "agenix",
        "agenix-el": "agenix-el",
        "bash-strict-mode": "bash-strict-mode",
        "bradix": "bradix",
        "darwin": "darwin",
        "emacs-color-theme-solarized": "emacs-color-theme-solarized",
        "emacs-extended-faces": "emacs-extended-faces",
        "epresent": "epresent",
        "firefox-darwin": "firefox-darwin",
        "flake-utils": "flake-utils",
        "flaky": "flaky",
        "home-manager": "home-manager",
        "mkalias": "mkalias",
        "nixcasks": "nixcasks",
        "nixpkgs": "nixpkgs",
        "nixpkgs-master": "nixpkgs-master",
        "nur": "nur"
      }
    },
    "shellcheck-nix-attributes": {
      "flake": false,
      "locked": {
        "lastModified": 1586929030,
        "narHash": "sha256-a0WyWaz+nMYFWI43Ip9EUnPuBW0O4EIiTzYZKGqNjss=",
        "owner": "Fuuzetsu",
        "repo": "shellcheck-nix-attributes",
        "rev": "51b49d5fe65ece69eb5e2003396bf096083ec281",
        "type": "github"
      },
      "original": {
        "owner": "Fuuzetsu",
        "repo": "shellcheck-nix-attributes",
        "type": "github"
      }
    },
    "systems": {
      "locked": {
        "lastModified": 1681028828,
        "narHash": "sha256-Vy1rq5AaRuLzOxct8nz4T6wlgyUR7zLU309k9mBC768=",
        "owner": "nix-systems",
        "repo": "default",
        "rev": "da67096a3b9bf56a91d16901293e51ba5b49a27e",
        "type": "github"
      },
      "original": {
        "owner": "nix-systems",
        "repo": "default",
        "type": "github"
      }
    },
    "systems_2": {
      "locked": {
        "lastModified": 1681028828,
        "narHash": "sha256-Vy1rq5AaRuLzOxct8nz4T6wlgyUR7zLU309k9mBC768=",
        "owner": "nix-systems",
        "repo": "default",
        "rev": "da67096a3b9bf56a91d16901293e51ba5b49a27e",
        "type": "github"
      },
      "original": {
        "owner": "nix-systems",
        "repo": "default",
        "type": "github"
      }
    },
    "treefmt-nix": {
      "inputs": {
        "nixpkgs": [
          "flaky",
          "project-manager",
          "nixpkgs-23_11"
        ]
      },
      "locked": {
        "lastModified": 1699786194,
        "narHash": "sha256-3h3EH1FXQkIeAuzaWB+nK0XK54uSD46pp+dMD3gAcB4=",
        "owner": "numtide",
        "repo": "treefmt-nix",
        "rev": "e82f32aa7f06bbbd56d7b12186d555223dc399d1",
        "type": "github"
      },
      "original": {
        "owner": "numtide",
        "repo": "treefmt-nix",
        "type": "github"
      }
    }
  },
  "root": "root",
  "version": 7
}
