{
  "nodes": {
    "agenix": {
      "inputs": {
        "darwin": [
          "darwin"
        ],
        "home-manager": [
          "home-manager"
        ],
        "nixpkgs": [
          "nixpkgs"
        ],
        "systems": "systems"
      },
      "locked": {
        "lastModified": 1718371084,
        "narHash": "sha256-abpBi61mg0g+lFFU0zY4C6oP6fBwPzbHPKBGw676xsA=",
        "owner": "ryantm",
        "repo": "agenix",
        "rev": "3a56735779db467538fb2e577eda28a9daacaca6",
        "type": "github"
      },
      "original": {
        "owner": "ryantm",
        "repo": "agenix",
        "type": "github"
      }
    },
    "agenix-el": {
      "inputs": {
        "bash-strict-mode": [
          "bash-strict-mode"
        ],
        "flake-parts": "flake-parts",
        "nixpkgs": [
          "nixpkgs"
        ]
      },
      "locked": {
        "lastModified": 1717247083,
        "narHash": "sha256-PexGtluh0V8WVTaDJJurt2xAYfTEJPN5L+bUZomfK14=",
        "owner": "t4ccer",
        "repo": "agenix.el",
        "rev": "b9c7ad33b534d80af207949cc06c0bcd1e60fd63",
        "type": "github"
      },
      "original": {
        "owner": "t4ccer",
        "repo": "agenix.el",
        "type": "github"
      }
    },
    "bash-strict-mode": {
      "inputs": {
        "flake-utils": [
          "flake-utils"
        ],
        "flaky": [
          "flaky"
        ],
        "nixpkgs": [
          "nixpkgs"
        ],
        "shellcheck-nix-attributes": "shellcheck-nix-attributes"
      },
      "locked": {
        "lastModified": 1716172543,
        "narHash": "sha256-Elk8ehgfszNASACwvNE5lY11rfukRnEjJHYhG6TwkT0=",
        "owner": "sellout",
        "repo": "bash-strict-mode",
        "rev": "759ea338835512493fbca483309375b9a4f29e13",
        "type": "github"
      },
      "original": {
        "owner": "sellout",
        "repo": "bash-strict-mode",
        "type": "github"
      }
    },
    "bradix": {
      "inputs": {
        "elisp-reader": "elisp-reader",
        "flake-utils": [
          "flake-utils"
        ],
        "flaky": [
          "flaky"
        ],
        "nixpkgs": [
          "nixpkgs"
        ]
      },
      "locked": {
        "lastModified": 1705299575,
        "narHash": "sha256-0hVGGRpU71IstZD+LCf7QjZ5sWm3/oyuqWoGBAzRw0Q=",
        "owner": "sellout",
        "repo": "bradix",
        "rev": "3333711c6e55e65efd09c1efee325e872d7fc994",
        "type": "github"
      },
      "original": {
        "owner": "sellout",
        "repo": "bradix",
        "type": "github"
      }
    },
    "darwin": {
      "inputs": {
        "nixpkgs": [
          "nixpkgs"
        ]
      },
      "locked": {
        "lastModified": 1719128254,
        "narHash": "sha256-I7jMpq0CAOZA/i70+HDQO/ulLttyQu/K70cSESiMX7A=",
        "owner": "lnl7",
        "repo": "nix-darwin",
        "rev": "50581970f37f06a4719001735828519925ef8310",
        "type": "github"
      },
      "original": {
        "owner": "lnl7",
        "repo": "nix-darwin",
        "type": "github"
      }
    },
    "elisp-reader": {
      "inputs": {
        "flake-utils": [
          "bradix",
          "flake-utils"
        ],
        "flaky": [
          "bradix",
          "flaky"
        ],
        "nixpkgs": [
          "bradix",
          "nixpkgs"
        ]
      },
      "locked": {
        "lastModified": 1704447065,
        "narHash": "sha256-whXwfh7qETnJmSup+vwczS5tjPKSsXW+oX7zI5TwNFU=",
        "owner": "sellout",
        "repo": "elisp-reader.el",
        "rev": "25bb4b7895d4136e2f9cdcd7896fb9dcc5738e31",
        "type": "github"
      },
      "original": {
        "owner": "sellout",
        "ref": "add-build",
        "repo": "elisp-reader.el",
        "type": "github"
      }
    },
    "emacs-color-theme-solarized": {
      "flake": false,
      "locked": {
        "lastModified": 1676247970,
        "narHash": "sha256-jP0G/Ufm31VILhLUQGPmNRtMNthWhWmkifgyeeh3krQ=",
        "owner": "sellout",
        "repo": "emacs-color-theme-solarized",
        "rev": "07369cf05cb123e19932cc20e443cfe8d979b526",
        "type": "github"
      },
      "original": {
        "owner": "sellout",
        "ref": "correcting-and-realigning",
        "repo": "emacs-color-theme-solarized",
        "type": "github"
      }
    },
    "emacs-extended-faces": {
      "inputs": {
        "flake-utils": [
          "flake-utils"
        ],
        "flaky": [
          "flaky"
        ],
        "nixpkgs": [
          "nixpkgs"
        ]
      },
      "locked": {
        "lastModified": 1705295364,
        "narHash": "sha256-6aYVh00QMVOh9LcTEta6LwCbiDx1YQUV6gBIUpE/D2g=",
        "owner": "sellout",
        "repo": "emacs-extended-faces",
        "rev": "1165feaf5fb42d84a0fb3c502ad9a53197ce2c1f",
        "type": "github"
      },
      "original": {
        "owner": "sellout",
        "repo": "emacs-extended-faces",
        "type": "github"
      }
    },
    "epresent": {
      "inputs": {
        "flake-utils": [
          "flake-utils"
        ],
        "flaky": [
          "flaky"
        ],
        "nixpkgs": [
          "nixpkgs"
        ]
      },
      "locked": {
        "lastModified": 1701502392,
        "narHash": "sha256-Fw9REEeW3HfwiTNUkuBqW7RV/ylVYtCoHr6a59YJrS8=",
        "owner": "sellout",
        "repo": "epresent",
        "rev": "edfef20ce6894f1b7b07fafc817b8358d9b8a83c",
        "type": "github"
      },
      "original": {
        "owner": "sellout",
        "ref": "nix-build",
        "repo": "epresent",
        "type": "github"
      }
    },
    "firefox-darwin": {
      "inputs": {
        "nixpkgs": [
          "nixpkgs"
        ]
      },
      "locked": {
        "lastModified": 1719795227,
        "narHash": "sha256-NJa4T22htvK13XPuxNwO5uwSRdTz1ZIbH5YQ96i4u8g=",
        "owner": "bandithedoge",
        "repo": "nixpkgs-firefox-darwin",
        "rev": "5f6d84862537a915489b8505858a772c3615e1a2",
        "type": "github"
      },
      "original": {
        "owner": "bandithedoge",
        "repo": "nixpkgs-firefox-darwin",
        "type": "github"
      }
    },
    "flake-parts": {
      "inputs": {
        "nixpkgs-lib": [
          "agenix-el",
          "nixpkgs"
        ]
      },
      "locked": {
        "lastModified": 1673362319,
        "narHash": "sha256-Pjp45Vnj7S/b3BRpZEVfdu8sqqA6nvVjvYu59okhOyI=",
        "owner": "hercules-ci",
        "repo": "flake-parts",
        "rev": "82c16f1682cf50c01cb0280b38a1eed202b3fe9f",
        "type": "github"
      },
      "original": {
        "owner": "hercules-ci",
        "repo": "flake-parts",
        "type": "github"
      }
    },
    "flake-schemas": {
      "locked": {
        "lastModified": 1701189173,
        "narHash": "sha256-ieQZLjqfvOP+52WeMdkD/x5njEIAqjKuAc/jnmruaoc=",
        "owner": "sellout",
        "repo": "flake-schemas",
        "rev": "68727227a8f349fe0831f6389d9a91064637b70c",
        "type": "github"
      },
      "original": {
        "owner": "sellout",
        "ref": "patch-1",
        "repo": "flake-schemas",
        "type": "github"
      }
    },
    "flake-utils": {
      "inputs": {
        "systems": "systems_2"
      },
      "locked": {
        "lastModified": 1710146030,
        "narHash": "sha256-SZ5L6eA7HJ/nmkzGG7/ISclqe6oZdOZTNoesiInkXPQ=",
        "owner": "numtide",
        "repo": "flake-utils",
        "rev": "b1d9ab70662946ef0850d488da1c9019f3a9752a",
        "type": "github"
      },
      "original": {
        "owner": "numtide",
        "repo": "flake-utils",
        "type": "github"
      }
    },
    "flaky": {
      "inputs": {
        "bash-strict-mode": [
          "bash-strict-mode"
        ],
        "flake-utils": [
          "flake-utils"
        ],
        "home-manager": [
          "home-manager"
        ],
        "nixpkgs": [
          "nixpkgs"
        ],
        "project-manager": "project-manager"
      },
      "locked": {
        "lastModified": 1719803695,
        "narHash": "sha256-C0k5SWMgluFIVY6ZutTBU6QxvWOZZY94h2Ljhq/Ca/8=",
        "owner": "sellout",
        "repo": "flaky",
        "rev": "7cd6e456bae97657357d2aadbf8b66d78686181b",
        "type": "github"
      },
      "original": {
        "owner": "sellout",
        "repo": "flaky",
        "type": "github"
      }
    },
    "home-manager": {
      "inputs": {
        "nixpkgs": [
          "nixpkgs"
        ]
      },
      "locked": {
        "lastModified": 1719827415,
        "narHash": "sha256-pvh+1hStXXAZf0sZ1xIJbWGx4u+OGBC1rVx6Wsw0fBw=",
        "owner": "nix-community",
        "repo": "home-manager",
        "rev": "f2e3c19867262dbe84fdfab42467fc8dd83a2005",
        "type": "github"
      },
      "original": {
        "owner": "nix-community",
        "ref": "release-23.11",
        "repo": "home-manager",
        "type": "github"
      }
    },
    "mkalias": {
      "inputs": {
        "nixpkgs": [
          "nixpkgs"
        ]
      },
      "locked": {
        "lastModified": 1678761502,
        "narHash": "sha256-tL3C/b2BPOGQpV287wECDCDWmKwwPvezAAN3qz7N07M=",
        "owner": "reckenrode",
        "repo": "mkalias",
        "rev": "8a5478cdb646f137ebc53cb9d235f8e5892ea00a",
        "type": "github"
      },
      "original": {
        "owner": "reckenrode",
        "repo": "mkalias",
        "type": "github"
      }
    },
    "nixcasks": {
      "inputs": {
        "nixpkgs": [
          "nixpkgs"
        ]
      },
      "locked": {
        "lastModified": 1719783547,
        "narHash": "sha256-/Jg5ObfIcu7o9vgSNvY77a2Y/fuZS/JLhQThFHOZby4=",
        "owner": "jacekszymanski",
        "repo": "nixcasks",
        "rev": "53b1f567a979e4f695379130d21b13d98dc9efdb",
        "type": "github"
      },
      "original": {
        "owner": "jacekszymanski",
        "repo": "nixcasks",
        "type": "github"
      }
    },
    "nixpkgs": {
      "locked": {
        "lastModified": 1719755592,
        "narHash": "sha256-aRElgc4fmNtzn2HKlse4ESGzO7lrTE+8vk/vbVLfu+w=",
        "owner": "NixOS",
        "repo": "nixpkgs",
        "rev": "8054da3570d226d9c3f343eb28787fb7564841d5",
        "type": "github"
      },
      "original": {
        "owner": "NixOS",
        "ref": "release-23.11",
        "repo": "nixpkgs",
        "type": "github"
      }
    },
    "nixpkgs-22_11": {
      "locked": {
        "lastModified": 1688392541,
        "narHash": "sha256-lHrKvEkCPTUO+7tPfjIcb7Trk6k31rz18vkyqmkeJfY=",
        "owner": "NixOS",
        "repo": "nixpkgs",
        "rev": "ea4c80b39be4c09702b0cb3b42eab59e2ba4f24b",
        "type": "github"
      },
      "original": {
        "owner": "NixOS",
        "ref": "release-22.11",
        "repo": "nixpkgs",
        "type": "github"
      }
    },
    "nixpkgs-23_05": {
      "locked": {
        "lastModified": 1705957679,
        "narHash": "sha256-Q8LJaVZGJ9wo33wBafvZSzapYsjOaNjP/pOnSiKVGHY=",
        "owner": "NixOS",
        "repo": "nixpkgs",
        "rev": "9a333eaa80901efe01df07eade2c16d183761fa3",
        "type": "github"
      },
      "original": {
        "owner": "NixOS",
        "ref": "release-23.05",
        "repo": "nixpkgs",
        "type": "github"
      }
    },
    "nixpkgs-23_11": {
      "locked": {
        "lastModified": 1707146535,
        "narHash": "sha256-kEOc+8lvFyGNUh0MzTw0dZ0lizdaYr/Mi7BHDJy0pBI=",
        "owner": "NixOS",
        "repo": "nixpkgs",
        "rev": "fc819befe88a0b7737900164cdf8dff3298eb87a",
        "type": "github"
      },
      "original": {
        "owner": "NixOS",
        "ref": "release-23.11",
        "repo": "nixpkgs",
        "type": "github"
      }
    },
    "nixpkgs-24_05": {
      "locked": {
        "lastModified": 1719760069,
        "narHash": "sha256-mj4SBEyKTMYggzK3TmTOSfG48kBVimwXO1j7eXCeRsg=",
        "owner": "NixOS",
        "repo": "nixpkgs",
        "rev": "36375f0637b14c2dcfc8a233835d05f689ff0c02",
        "type": "github"
      },
      "original": {
        "owner": "NixOS",
        "ref": "release-24.05",
        "repo": "nixpkgs",
        "type": "github"
      }
    },
    "nixpkgs-master": {
      "locked": {
        "lastModified": 1719839627,
        "narHash": "sha256-GqyxZDLWS88jTnH97mPmmZ7/r94Xgs1K2PuYDZxjZ5w=",
        "owner": "NixOS",
        "repo": "nixpkgs",
        "rev": "d88ba039061ff1c53d6b24836041d63f9d6a9ee7",
        "type": "github"
      },
      "original": {
        "owner": "NixOS",
        "ref": "master",
        "repo": "nixpkgs",
        "type": "github"
      }
    },
    "nixpkgs-unstable": {
      "locked": {
        "lastModified": 1706925685,
        "narHash": "sha256-hVInjWMmgH4yZgA4ZtbgJM1qEAel72SYhP5nOWX4UIM=",
        "owner": "NixOS",
        "repo": "nixpkgs",
        "rev": "79a13f1437e149dc7be2d1290c74d378dad60814",
        "type": "github"
      },
      "original": {
        "owner": "NixOS",
        "ref": "nixpkgs-unstable",
        "repo": "nixpkgs",
        "type": "github"
      }
    },
    "nixpkgs_2": {
      "locked": {
        "lastModified": 1719837636,
        "narHash": "sha256-sTya/Vhqtdi7Kxx/eVldJRGTPKcyGgFG3ZugOqcbmiE=",
        "owner": "NixOS",
        "repo": "nixpkgs",
        "rev": "28f8f3531ebdbea069995c20bd946a295699f275",
        "type": "github"
      },
      "original": {
        "owner": "NixOS",
        "ref": "release-23.11",
        "repo": "nixpkgs",
        "type": "github"
      }
    },
    "nur": {
      "locked": {
        "lastModified": 1719837916,
        "narHash": "sha256-dV1URYa5SezYyz/1IDb1BHmIZ4tM0WtpPfVkFGH8xfY=",
        "owner": "nix-community",
        "repo": "nur",
        "rev": "0575d7fb334ea662a0a03620780c87df0612eb9a",
        "type": "github"
      },
      "original": {
        "owner": "nix-community",
        "repo": "nur",
        "type": "github"
      }
    },
    "project-manager": {
      "inputs": {
        "bash-strict-mode": [
          "flaky",
          "bash-strict-mode"
        ],
        "flake-schemas": "flake-schemas",
        "flake-utils": [
          "flaky",
          "flake-utils"
        ],
        "flaky": [
          "flaky"
        ],
        "nixpkgs": "nixpkgs",
        "nixpkgs-22_11": "nixpkgs-22_11",
        "nixpkgs-23_05": "nixpkgs-23_05",
        "nixpkgs-23_11": "nixpkgs-23_11",
        "nixpkgs-24_05": "nixpkgs-24_05",
        "nixpkgs-unstable": "nixpkgs-unstable",
        "treefmt-nix": "treefmt-nix"
      },
      "locked": {
        "lastModified": 1719776552,
        "narHash": "sha256-TWOiE7k2KV19DEHilFaDi/Vj9hsSDlYnY7fGkyOo080=",
        "owner": "sellout",
        "repo": "project-manager",
        "rev": "91bd0e91eb37e433f31bd989330778f44d27cefa",
        "type": "github"
      },
      "original": {
        "owner": "sellout",
        "repo": "project-manager",
        "type": "github"
      }
    },
    "root": {
      "inputs": {
        "agenix": "agenix",
        "agenix-el": "agenix-el",
        "bash-strict-mode": "bash-strict-mode",
        "bradix": "bradix",
        "darwin": "darwin",
        "emacs-color-theme-solarized": "emacs-color-theme-solarized",
        "emacs-extended-faces": "emacs-extended-faces",
        "epresent": "epresent",
        "firefox-darwin": "firefox-darwin",
        "flake-utils": "flake-utils",
        "flaky": "flaky",
        "home-manager": "home-manager",
        "mkalias": "mkalias",
        "nixcasks": "nixcasks",
        "nixpkgs": "nixpkgs_2",
        "nixpkgs-master": "nixpkgs-master",
        "nur": "nur"
      }
    },
    "shellcheck-nix-attributes": {
      "flake": false,
      "locked": {
        "lastModified": 1586929030,
        "narHash": "sha256-a0WyWaz+nMYFWI43Ip9EUnPuBW0O4EIiTzYZKGqNjss=",
        "owner": "Fuuzetsu",
        "repo": "shellcheck-nix-attributes",
        "rev": "51b49d5fe65ece69eb5e2003396bf096083ec281",
        "type": "github"
      },
      "original": {
        "owner": "Fuuzetsu",
        "repo": "shellcheck-nix-attributes",
        "type": "github"
      }
    },
    "systems": {
      "locked": {
        "lastModified": 1681028828,
        "narHash": "sha256-Vy1rq5AaRuLzOxct8nz4T6wlgyUR7zLU309k9mBC768=",
        "owner": "nix-systems",
        "repo": "default",
        "rev": "da67096a3b9bf56a91d16901293e51ba5b49a27e",
        "type": "github"
      },
      "original": {
        "owner": "nix-systems",
        "repo": "default",
        "type": "github"
      }
    },
    "systems_2": {
      "locked": {
        "lastModified": 1681028828,
        "narHash": "sha256-Vy1rq5AaRuLzOxct8nz4T6wlgyUR7zLU309k9mBC768=",
        "owner": "nix-systems",
        "repo": "default",
        "rev": "da67096a3b9bf56a91d16901293e51ba5b49a27e",
        "type": "github"
      },
      "original": {
        "owner": "nix-systems",
        "repo": "default",
        "type": "github"
      }
    },
    "treefmt-nix": {
      "inputs": {
        "nixpkgs": [
          "flaky",
          "project-manager",
          "nixpkgs"
        ]
      },
      "locked": {
        "lastModified": 1706462057,
        "narHash": "sha256-7dG1D4iqqt0bEbBqUWk6lZiSqqwwAO0Hd1L5opVyhNM=",
        "owner": "numtide",
        "repo": "treefmt-nix",
        "rev": "c6153c2a3ff4c38d231e3ae99af29b87f1df5901",
        "type": "github"
      },
      "original": {
        "owner": "numtide",
        "repo": "treefmt-nix",
        "type": "github"
      }
    }
  },
  "root": "root",
  "version": 7
}
